
Microsoft Visual Studio Solution File, Format Version 12.00
# Visual Studio Version 17
VisualStudioVersion = 17.10.35027.167
MinimumVisualStudioVersion = 10.0.40219.1
Project("{9A19103F-16F7-4668-BE54-9A1E7A4F7556}") = "Офіс", "Офіс\Офіс.csproj", "{A93D9202-3536-46A5-94C0-D86D3263930B}"
EndProject
Project("{FAE04EC0-301F-11D3-BF4B-00C04F79EFBC}") = "Офіс.DAL", "Офіс.DAL\Офіс.DAL.csproj", "{527D1759-334E-43E6-9DF8-CEEA14B7433A}"
EndProject
Global
	GlobalSection(SolutionConfigurationPlatforms) = preSolution
		Debug|Any CPU = Debug|Any CPU
		Release|Any CPU = Release|Any CPU
	EndGlobalSection
	GlobalSection(ProjectConfigurationPlatforms) = postSolution
		{A93D9202-3536-46A5-94C0-D86D3263930B}.Debug|Any CPU.ActiveCfg = Debug|Any CPU
		{A93D9202-3536-46A5-94C0-D86D3263930B}.Debug|Any CPU.Build.0 = Debug|Any CPU
		{A93D9202-3536-46A5-94C0-D86D3263930B}.Release|Any CPU.ActiveCfg = Release|Any CPU
		{A93D9202-3536-46A5-94C0-D86D3263930B}.Release|Any CPU.Build.0 = Release|Any CPU
		{527D1759-334E-43E6-9DF8-CEEA14B7433A}.Debug|Any CPU.ActiveCfg = Debug|Any CPU
		{527D1759-334E-43E6-9DF8-CEEA14B7433A}.Debug|Any CPU.Build.0 = Debug|Any CPU
		{527D1759-334E-43E6-9DF8-CEEA14B7433A}.Release|Any CPU.ActiveCfg = Release|Any CPU
		{527D1759-334E-43E6-9DF8-CEEA14B7433A}.Release|Any CPU.Build.0 = Release|Any CPU
	EndGlobalSection
	GlobalSection(SolutionProperties) = preSolution
		HideSolutionNode = FALSE
	EndGlobalSection
	GlobalSection(ExtensibilityGlobals) = postSolution
		SolutionGuid = {623BA7B7-9B77-46FD-9F5E-01CF075C501C}
	EndGlobalSection
EndGlobal
